
Microsoft Visual Studio Solution File, Format Version 12.00
# Visual Studio Version 16
VisualStudioVersion = 16.0.32106.194
MinimumVisualStudioVersion = 10.0.40219.1
Project("{FAE04EC0-301F-11D3-BF4B-00C04F79EFBC}") = "BusBooking", "BusBooking\BusBooking.csproj", "{A6281A7B-2DD5-4C31-831A-9F097B54A9D9}"
EndProject
Global
	GlobalSection(SolutionConfigurationPlatforms) = preSolution
		Debug|Any CPU = Debug|Any CPU
		Release|Any CPU = Release|Any CPU
	EndGlobalSection
	GlobalSection(ProjectConfigurationPlatforms) = postSolution
		{A6281A7B-2DD5-4C31-831A-9F097B54A9D9}.Debug|Any CPU.ActiveCfg = Debug|Any CPU
		{A6281A7B-2DD5-4C31-831A-9F097B54A9D9}.Debug|Any CPU.Build.0 = Debug|Any CPU
		{A6281A7B-2DD5-4C31-831A-9F097B54A9D9}.Release|Any CPU.ActiveCfg = Release|Any CPU
		{A6281A7B-2DD5-4C31-831A-9F097B54A9D9}.Release|Any CPU.Build.0 = Release|Any CPU
	EndGlobalSection
	GlobalSection(SolutionProperties) = preSolution
		HideSolutionNode = FALSE
	EndGlobalSection
	GlobalSection(ExtensibilityGlobals) = postSolution
		SolutionGuid = {64C81164-6D29-40B9-B8BE-3D960BF4199E}
	EndGlobalSection
EndGlobal
